
Microsoft Visual Studio Solution File, Format Version 12.00
# Visual Studio 2013
VisualStudioVersion = 12.0.31101.0
MinimumVisualStudioVersion = 10.0.40219.1
Project("{FAE04EC0-301F-11D3-BF4B-00C04F79EFBC}") = "Haha", "Haha\Haha.csproj", "{CB27F8E2-F9A2-4B6C-93BA-BC450AAB7D77}"
EndProject
Global
	GlobalSection(SolutionConfigurationPlatforms) = preSolution
		Debug|Any CPU = Debug|Any CPU
		Debug|ARM = Debug|ARM
		Debug|x86 = Debug|x86
		Release|Any CPU = Release|Any CPU
		Release|ARM = Release|ARM
		Release|x86 = Release|x86
	EndGlobalSection
	GlobalSection(ProjectConfigurationPlatforms) = postSolution
		{CB27F8E2-F9A2-4B6C-93BA-BC450AAB7D77}.Debug|Any CPU.ActiveCfg = Debug|Any CPU
		{CB27F8E2-F9A2-4B6C-93BA-BC450AAB7D77}.Debug|Any CPU.Build.0 = Debug|Any CPU
		{CB27F8E2-F9A2-4B6C-93BA-BC450AAB7D77}.Debug|Any CPU.Deploy.0 = Debug|Any CPU
		{CB27F8E2-F9A2-4B6C-93BA-BC450AAB7D77}.Debug|ARM.ActiveCfg = Debug|ARM
		{CB27F8E2-F9A2-4B6C-93BA-BC450AAB7D77}.Debug|ARM.Build.0 = Debug|ARM
		{CB27F8E2-F9A2-4B6C-93BA-BC450AAB7D77}.Debug|ARM.Deploy.0 = Debug|ARM
		{CB27F8E2-F9A2-4B6C-93BA-BC450AAB7D77}.Debug|x86.ActiveCfg = Debug|x86
		{CB27F8E2-F9A2-4B6C-93BA-BC450AAB7D77}.Debug|x86.Build.0 = Debug|x86
		{CB27F8E2-F9A2-4B6C-93BA-BC450AAB7D77}.Debug|x86.Deploy.0 = Debug|x86
		{CB27F8E2-F9A2-4B6C-93BA-BC450AAB7D77}.Release|Any CPU.ActiveCfg = Release|Any CPU
		{CB27F8E2-F9A2-4B6C-93BA-BC450AAB7D77}.Release|Any CPU.Build.0 = Release|Any CPU
		{CB27F8E2-F9A2-4B6C-93BA-BC450AAB7D77}.Release|Any CPU.Deploy.0 = Release|Any CPU
		{CB27F8E2-F9A2-4B6C-93BA-BC450AAB7D77}.Release|ARM.ActiveCfg = Release|ARM
		{CB27F8E2-F9A2-4B6C-93BA-BC450AAB7D77}.Release|ARM.Build.0 = Release|ARM
		{CB27F8E2-F9A2-4B6C-93BA-BC450AAB7D77}.Release|ARM.Deploy.0 = Release|ARM
		{CB27F8E2-F9A2-4B6C-93BA-BC450AAB7D77}.Release|x86.ActiveCfg = Release|x86
		{CB27F8E2-F9A2-4B6C-93BA-BC450AAB7D77}.Release|x86.Build.0 = Release|x86
		{CB27F8E2-F9A2-4B6C-93BA-BC450AAB7D77}.Release|x86.Deploy.0 = Release|x86
	EndGlobalSection
	GlobalSection(SolutionProperties) = preSolution
		HideSolutionNode = FALSE
	EndGlobalSection
EndGlobal
